
Microsoft Visual Studio Solution File, Format Version 12.00
# Visual Studio Version 16
VisualStudioVersion = 16.0.31019.35
MinimumVisualStudioVersion = 10.0.40219.1
Project("{FAE04EC0-301F-11D3-BF4B-00C04F79EFBC}") = "LC_MyConsole", "LC_MyConsole\LC_MyConsole.csproj", "{298EF563-4AAE-42AA-9B8C-6F155FF5FC73}"
EndProject
Project("{FAE04EC0-301F-11D3-BF4B-00C04F79EFBC}") = "LC_QuartzNet", "LC_QuartzNet\LC_QuartzNet.csproj", "{59C8F729-5585-4400-AB9E-61812EDC48EB}"
EndProject
Project("{F184B08F-C81C-45F6-A57F-5ABD9991F28F}") = "LC_QuartzNetWeb", "LC_QuartzNetWeb\LC_QuartzNetWeb.vbproj", "{0265F5D6-1819-41BF-86F5-E9B80038B160}"
EndProject
Project("{FAE04EC0-301F-11D3-BF4B-00C04F79EFBC}") = "LC_QuartzNetWindowsService", "LC_QuartzNetWindowsService\LC_QuartzNetWindowsService.csproj", "{A373243A-859E-4ABC-B049-12C6337FABC7}"
EndProject
Project("{FAE04EC0-301F-11D3-BF4B-00C04F79EFBC}") = "LC_Common", "LC_Common\LC_Common.csproj", "{1A7D723F-4B2A-43CF-9FED-C858D966497A}"
EndProject
Project("{2150E333-8FDC-42A3-9474-1A3956D46DE8}") = "Client", "Client", "{8664C4B4-021D-4EE7-9434-D7BB3AF0F1AA}"
EndProject
Project("{2150E333-8FDC-42A3-9474-1A3956D46DE8}") = "Console", "Console", "{509776CA-1237-4BA6-9E1E-EE1DBFCCDF2B}"
EndProject
Project("{2150E333-8FDC-42A3-9474-1A3956D46DE8}") = "WindowsService", "WindowsService", "{83A9CE0B-2743-4516-9293-6F3920E0B44E}"
EndProject
Project("{2150E333-8FDC-42A3-9474-1A3956D46DE8}") = "Orm", "Orm", "{3E04BA16-2575-41F7-A8FB-D0C877823157}"
EndProject
Project("{FAE04EC0-301F-11D3-BF4B-00C04F79EFBC}") = "Model", "Model\Model.csproj", "{A78398B1-06D1-4D90-9EB2-8AA92C48F69F}"
EndProject
Project("{FAE04EC0-301F-11D3-BF4B-00C04F79EFBC}") = "Dal", "Dal\Dal.csproj", "{1603B77E-16EE-43C3-A65F-0431BAE02076}"
EndProject
Global
	GlobalSection(SolutionConfigurationPlatforms) = preSolution
		Debug|Any CPU = Debug|Any CPU
		Release|Any CPU = Release|Any CPU
	EndGlobalSection
	GlobalSection(ProjectConfigurationPlatforms) = postSolution
		{298EF563-4AAE-42AA-9B8C-6F155FF5FC73}.Debug|Any CPU.ActiveCfg = Debug|Any CPU
		{298EF563-4AAE-42AA-9B8C-6F155FF5FC73}.Debug|Any CPU.Build.0 = Debug|Any CPU
		{298EF563-4AAE-42AA-9B8C-6F155FF5FC73}.Release|Any CPU.ActiveCfg = Release|Any CPU
		{298EF563-4AAE-42AA-9B8C-6F155FF5FC73}.Release|Any CPU.Build.0 = Release|Any CPU
		{59C8F729-5585-4400-AB9E-61812EDC48EB}.Debug|Any CPU.ActiveCfg = Debug|Any CPU
		{59C8F729-5585-4400-AB9E-61812EDC48EB}.Debug|Any CPU.Build.0 = Debug|Any CPU
		{59C8F729-5585-4400-AB9E-61812EDC48EB}.Release|Any CPU.ActiveCfg = Release|Any CPU
		{59C8F729-5585-4400-AB9E-61812EDC48EB}.Release|Any CPU.Build.0 = Release|Any CPU
		{0265F5D6-1819-41BF-86F5-E9B80038B160}.Debug|Any CPU.ActiveCfg = Debug|Any CPU
		{0265F5D6-1819-41BF-86F5-E9B80038B160}.Debug|Any CPU.Build.0 = Debug|Any CPU
		{0265F5D6-1819-41BF-86F5-E9B80038B160}.Release|Any CPU.ActiveCfg = Release|Any CPU
		{0265F5D6-1819-41BF-86F5-E9B80038B160}.Release|Any CPU.Build.0 = Release|Any CPU
		{A373243A-859E-4ABC-B049-12C6337FABC7}.Debug|Any CPU.ActiveCfg = Debug|Any CPU
		{A373243A-859E-4ABC-B049-12C6337FABC7}.Debug|Any CPU.Build.0 = Debug|Any CPU
		{A373243A-859E-4ABC-B049-12C6337FABC7}.Release|Any CPU.ActiveCfg = Release|Any CPU
		{A373243A-859E-4ABC-B049-12C6337FABC7}.Release|Any CPU.Build.0 = Release|Any CPU
		{1A7D723F-4B2A-43CF-9FED-C858D966497A}.Debug|Any CPU.ActiveCfg = Debug|Any CPU
		{1A7D723F-4B2A-43CF-9FED-C858D966497A}.Debug|Any CPU.Build.0 = Debug|Any CPU
		{1A7D723F-4B2A-43CF-9FED-C858D966497A}.Release|Any CPU.ActiveCfg = Release|Any CPU
		{1A7D723F-4B2A-43CF-9FED-C858D966497A}.Release|Any CPU.Build.0 = Release|Any CPU
		{A78398B1-06D1-4D90-9EB2-8AA92C48F69F}.Debug|Any CPU.ActiveCfg = Debug|Any CPU
		{A78398B1-06D1-4D90-9EB2-8AA92C48F69F}.Debug|Any CPU.Build.0 = Debug|Any CPU
		{A78398B1-06D1-4D90-9EB2-8AA92C48F69F}.Release|Any CPU.ActiveCfg = Release|Any CPU
		{A78398B1-06D1-4D90-9EB2-8AA92C48F69F}.Release|Any CPU.Build.0 = Release|Any CPU
		{1603B77E-16EE-43C3-A65F-0431BAE02076}.Debug|Any CPU.ActiveCfg = Debug|Any CPU
		{1603B77E-16EE-43C3-A65F-0431BAE02076}.Debug|Any CPU.Build.0 = Debug|Any CPU
		{1603B77E-16EE-43C3-A65F-0431BAE02076}.Release|Any CPU.ActiveCfg = Release|Any CPU
		{1603B77E-16EE-43C3-A65F-0431BAE02076}.Release|Any CPU.Build.0 = Release|Any CPU
	EndGlobalSection
	GlobalSection(SolutionProperties) = preSolution
		HideSolutionNode = FALSE
	EndGlobalSection
	GlobalSection(NestedProjects) = preSolution
		{298EF563-4AAE-42AA-9B8C-6F155FF5FC73} = {509776CA-1237-4BA6-9E1E-EE1DBFCCDF2B}
		{0265F5D6-1819-41BF-86F5-E9B80038B160} = {509776CA-1237-4BA6-9E1E-EE1DBFCCDF2B}
		{A373243A-859E-4ABC-B049-12C6337FABC7} = {83A9CE0B-2743-4516-9293-6F3920E0B44E}
		{509776CA-1237-4BA6-9E1E-EE1DBFCCDF2B} = {8664C4B4-021D-4EE7-9434-D7BB3AF0F1AA}
		{83A9CE0B-2743-4516-9293-6F3920E0B44E} = {8664C4B4-021D-4EE7-9434-D7BB3AF0F1AA}
		{A78398B1-06D1-4D90-9EB2-8AA92C48F69F} = {3E04BA16-2575-41F7-A8FB-D0C877823157}
		{1603B77E-16EE-43C3-A65F-0431BAE02076} = {3E04BA16-2575-41F7-A8FB-D0C877823157}
	EndGlobalSection
	GlobalSection(ExtensibilityGlobals) = postSolution
		SolutionGuid = {21F04605-A922-4495-B775-A46C3C2808A2}
	EndGlobalSection
EndGlobal
